
Microsoft Visual Studio Solution File, Format Version 12.00
# Visual Studio Version 16
VisualStudioVersion = 16.0.30907.101
MinimumVisualStudioVersion = 10.0.40219.1
Project("{8BC9CEB8-8B4A-11D0-8D11-00A0C91BC942}") = "ArbolHijo2Padre", "ArbolHijo2Padre\ArbolHijo2Padre.vcxproj", "{25C3856A-565F-482B-8761-EC524ED89CFA}"
EndProject
Global
	GlobalSection(SolutionConfigurationPlatforms) = preSolution
		Debug|x64 = Debug|x64
		Debug|x86 = Debug|x86
		Release|x64 = Release|x64
		Release|x86 = Release|x86
	EndGlobalSection
	GlobalSection(ProjectConfigurationPlatforms) = postSolution
		{25C3856A-565F-482B-8761-EC524ED89CFA}.Debug|x64.ActiveCfg = Debug|x64
		{25C3856A-565F-482B-8761-EC524ED89CFA}.Debug|x64.Build.0 = Debug|x64
		{25C3856A-565F-482B-8761-EC524ED89CFA}.Debug|x86.ActiveCfg = Debug|Win32
		{25C3856A-565F-482B-8761-EC524ED89CFA}.Debug|x86.Build.0 = Debug|Win32
		{25C3856A-565F-482B-8761-EC524ED89CFA}.Release|x64.ActiveCfg = Release|x64
		{25C3856A-565F-482B-8761-EC524ED89CFA}.Release|x64.Build.0 = Release|x64
		{25C3856A-565F-482B-8761-EC524ED89CFA}.Release|x86.ActiveCfg = Release|Win32
		{25C3856A-565F-482B-8761-EC524ED89CFA}.Release|x86.Build.0 = Release|Win32
	EndGlobalSection
	GlobalSection(SolutionProperties) = preSolution
		HideSolutionNode = FALSE
	EndGlobalSection
	GlobalSection(ExtensibilityGlobals) = postSolution
		SolutionGuid = {7C12627E-63E7-4ADD-AC64-F6EEDD2133BA}
	EndGlobalSection
EndGlobal
